github.com/dgrijalva/jwt-go v3.2.0+incompatible h1:7qlOGliEKZXTDg6OTjfoBKDXWrumCAMpl/TFQ4/5kLM=
github.com/dgrijalva/jwt-go v3.2.0+incompatible/go.mod h1:E3ru+11k8xSBh+hMPgOLZmtrrCbhqsmaPHjLKYnJCaQ=
github.com/fatih/structs v1.0.0/go.mod h1:9NiDSp5zOcgEDl+j00MP/WkGVPOlPRLejGD8Ga6PJ7M=
github.com/go-log/log v0.1.0 h1:wudGTNsiGzrD5ZjgIkVZ517ugi2XRe9Q/xRCzwEO4/U=
github.com/go-log/log v0.1.0/go.mod h1:4mBwpdRMFLiuXZDCwU2lKQFsoSCo72j3HqBK9d81N2M=
github.com/golang/protobuf v1.2.0 h1:P3YflyNX/ehuJFLhxviNdFxQPkGK5cDcApsge1SqnvM=
github.com/golang/protobuf v1.2.0/go.mod h1:6lQm79b+lXiMfvg/cZm0SGofjICqVBUtrP5yJMmIC1U=
github.com/google/uuid v1.0.0 h1:b4Gk+7WdP/d3HZH8EJsZpvV7EtDOgaZLtnaNGIu1adA=
github.com/google/uuid v1.0.0/go.mod h1:TIyPZe4MgqvfeYDBFedMoGGpEw/LqOeaOT+nhxU+yHo=
github.com/hashicorp/consul v1.2.3 h1:ekX+fXQ7NYzD2quCCgmDekCCIp0Fsi1NE0ViC2CJm+8=
github.com/hashicorp/consul v1.2.3/go.mod h1:mFrjN1mfidgJfYP1xrJCF+AfRhr6Eaqhb2+sfyn/OOI=
github.com/hashicorp/go-cleanhttp v0.5.0 h1:wvCrVc9TjDls6+YGAF2hAifE1E5U1+b4tH6KdvN3Gig=
github.com/hashicorp/go-cleanhttp v0.5.0/go.mod h1:JpRdi6/HCYpAwUzNwuwqhbovhLtngrth3wmdIIUrZ80=
github.com/hashicorp/go-rootcerts v0.0.0-20160503143440-6bb64b370b90 h1:9HVkPxOpo+yO93Ah4yrO67d/qh0fbLLWbKqhYjyHq9A=
github.com/hashicorp/go-rootcerts v0.0.0-20160503143440-6bb64b370b90/go.mod h1:o4zcYY1e0GEZI6eSEr+43QDYmuGglw1qSO6qdHUHCgg=
github.com/hashicorp/serf v0.8.1 h1:mYs6SMzu72+90OcPa5wr3nfznA4Dw9UyR791ZFNOIf4=
github.com/hashicorp/serf v0.8.1/go.mod h1:h/Ru6tmZazX7WO/GDmwdpS975F019L4t5ng5IgwbNrE=
github.com/iron-kit/go-api v0.3.2 h1:IgVtYlnBPlIiTY5rz36Sbr3b+Pi7tFDANjL1sw6yHAE=
github.com/iron-kit/go-api v0.3.2/go.mod h1:zAp2Q9BSa1fkSodBcO09dya74qSFkNT0GERvjZXSvGc=
github.com/iron-kit/go-ironic v0.0.0-20180928131205-6aee951da06c h1:xde7HXTHB6HZDQcFEUcA+G0dcIz/r8Z+19vKJ2p4zLY=
github.com/iron-kit/go-ironic v0.0.0-20180928131205-6aee951da06c/go.mod h1:GViZGN0yt/VcH/spORTToOvgCb0DT1Q7VMVg5bNR2v0=
github.com/iron-kit/monger v0.0.0-20180928161300-b598c989f064 h1:tc75KEa3FWjh0v+tkl0BkiUKMt2VgSIPGoLmV4SoqZk=
github.com/iron-kit/monger v0.0.0-20180928161300-b598c989f064/go.mod h1:ME0PixylnDXmlcQquBihbcHpIIEY+LOhSM6XczM/Kyo=
github.com/kr/pretty v0.1.0/go.mod h1:dAy3ld7l9f0ibDNOQOHHMYYIIbhfbHSm3C4ZsoJORNo=
github.com/kr/pty v1.1.1/go.mod h1:pFQYn66WHrOpPYNljwOMqo10TkYh1fy3cYio2l3bCsQ=
github.com/kr/text v0.1.0/go.mod h1:4Jbv+DJW3UT/LiOwJeYQe1efqtUx/iVham/4vfdArNI=
github.com/micro/cli v0.0.0-20180830071301-8b9d33ec2f19 h1:yYBEdLtvpHSezqBvUkGHJynuhgAek5Uew5P3RG7teQw=
github.com/micro/cli v0.0.0-20180830071301-8b9d33ec2f19/go.mod h1:x9x6qy+tXv17jzYWQup462+j3SIUgDa6vVTzU4IXy/w=
github.com/micro/go-api v0.3.1 h1:tuxFO/ZtuSBfEqltivJ/JEC2GME5VHsteXuEdh8kIUI=
github.com/micro/go-api v0.3.1/go.mod h1:itWuEfGqJNM5q5hct5LWYFSxwPZWyngnrRpgMQJxlA0=
github.com/micro/go-log v0.0.0-20170512141327-cbfa9447f9b6 h1:Nz+rX1q6rJLAQcLBB6maXYUmSvcdzJR2OArDKCDkco4=
github.com/micro/go-log v0.0.0-20170512141327-cbfa9447f9b6/go.mod h1:QikSuviYcIE8V0CY4e0RRqVs3Oh8EuzX+qCEOnh9Qh8=
github.com/micro/go-micro v0.11.0 h1:L2NGrfw036DBDYRZLgC9hoxYwiutNUGCml+bt/bXIBo=
github.com/micro/go-micro v0.11.0/go.mod h1:3z3lfMkNU9Sr1L/CxL++8pVJmQapRo0N6kNjwYDtOVs=
github.com/micro/go-rcache v0.0.0-20180418165751-a581a57b5133 h1:hA0jzfRMat31ugTTK3BQfxGSuh7zD4Or/lEo/4edJiE=
github.com/micro/go-rcache v0.0.0-20180418165751-a581a57b5133/go.mod h1:CBzgfnsCYHcyLg1qeTShF0iDErQmcLmSt+SdwjLkckI=
github.com/micro/mdns v0.0.0-20160929165650-cdf30746f9f7 h1:DbCL1cj4e6CW1R+e+BMr39LG7Fg3g1kIla09CPKwgu0=
github.com/micro/mdns v0.0.0-20160929165650-cdf30746f9f7/go.mod h1:SQG6o/94RinohLuB5noHSevg2Iqg2wXLDUn4lj2LWWo=
github.com/micro/micro v0.14.0 h1:N+OtirVK8ujM4dYc84QJDqfV54QH8A1BWXd2HcsOj9g=
github.com/micro/micro v0.14.0/go.mod h1:fkfl/b2vWYkKiUgYW/3uw8OVZTxE/ARw761basyjcBY=
github.com/micro/util v0.0.0-20180417104657-4b7ed83e8520 h1:UgysDrM51CTeMHo/KOasDrWvrE0K15xjnR/qLeuPRFg=
github.com/micro/util v0.0.0-20180417104657-4b7ed83e8520/go.mod h1:vxd7TGn28ynEMF4szG3PHTzgo3bx3FpfON9xpFsGc+g=
github.com/miekg/dns v1.0.10 h1:nlArCVipL4Ggg5ate/uYdKkoBl8iGlKGPQ0jS2ahqA8=
github.com/miekg/dns v1.0.10/go.mod h1:W1PPwlIAgtquWBMBEV9nkV9Cazfe8ScdGz/Lj7v3Nrg=
github.com/mitchellh/go-homedir v1.0.0 h1:vKb8ShqSby24Yrqr/yDYkuFz8d0WUjys40rvnGC8aR0=
github.com/mitchellh/go-homedir v1.0.0/go.mod h1:SfyaCUpYCn1Vlf4IUYiD9fPX4A5wJrkLzIz1N1q0pr0=
github.com/mitchellh/hashstructure v1.0.0 h1:ZkRJX1CyOoTkar7p/mLS5TZU4nJ1Rn/F8u9dGS02Q3Y=
github.com/mitchellh/hashstructure v1.0.0/go.mod h1:QjSHrPWS+BGUVBYkbTZWEnOh3G1DutKwClXU/ABz6AQ=
github.com/mitchellh/mapstructure v1.0.0 h1:vVpGvMXJPqSDh2VYHF7gsfQj8Ncx+Xw5Y1KHeTRY+7I=
github.com/mitchellh/mapstructure v1.0.0/go.mod h1:FVVH3fgwuzCH5S8UJGiWEs2h04kUh9fWfEaFds41c1Y=
github.com/mozillazg/go-pinyin v0.14.0 h1:/knDs7bXZehCpTN29HMh+uzJTqcyQEXO0wMbekIoxdE=
github.com/mozillazg/go-pinyin v0.14.0/go.mod h1:bO+dztNW6O2lSJdYLha7LO3bujXzjjU3UvKb2IGANfg=
github.com/pborman/uuid v1.2.0 h1:J7Q5mO4ysT1dv8hyrUGHb9+ooztCXu1D8MY8DZYsu3g=
github.com/pborman/uuid v1.2.0/go.mod h1:X/NO0urCmaxf9VXbdlT7C2Yzkj2IKimNn4k+gtPdI/k=
github.com/pkg/errors v0.8.0 h1:WdK/asTD0HN+q6hsWO3/vpuAkAr+tw6aNJNDFFf0+qw=
github.com/pkg/errors v0.8.0/go.mod h1:bwawxfHBFNV+L2hUp1rHADufV3IMtnDRdf1r5NINEl0=
github.com/ramya-rao-a/go-outline v0.0.0-20170803230019-9e9d089bb61a h1:B4BHwip49jjfBeBBIh2WrAuvgGNHQgpxMg7V2Dv7BsE=
github.com/ramya-rao-a/go-outline v0.0.0-20170803230019-9e9d089bb61a/go.mod h1:1WL5IqM+CnRCAbXetRnL1YVoS9KtU2zMhOi/5oAVPo4=
golang.org/x/crypto v0.0.0-20180927165925-5295e8364332 h1:hvQVdF6P9DX4OiKA5tpehlG6JsgzmyQiThG7q5Bn3UQ=
golang.org/x/crypto v0.0.0-20180927165925-5295e8364332/go.mod h1:6SG95UA2DQfeDnfUPMdvaQW0Q7yPrPDi9nlGo2tz2b4=
golang.org/x/net v0.0.0-20180926154720-4dfa2610cdf3 h1:dgd4x4kJt7G4k4m93AYLzM8Ni6h2qLTfh9n9vXJT3/0=
golang.org/x/net v0.0.0-20180926154720-4dfa2610cdf3/go.mod h1:mL1N/T3taQHkDXs73rZJwtUhF3w3ftmwwsq0BUmARs4=
golang.org/x/sys v0.0.0-20180928133829-e4b3c5e90611 h1:O33LKL7WyJgjN9CvxfTIomjIClbd/Kq86/iipowHQU0=
golang.org/x/sys v0.0.0-20180928133829-e4b3c5e90611/go.mod h1:STP8DvDyc/dI5b8T5hshtkjS+E42TnysNCUPdjciGhY=
gopkg.in/check.v1 v0.0.0-20161208181325-20d25e280405/go.mod h1:Co6ibVJAznAaIkqp8huTwlJQCZ016jof/cbN4VW5Yz0=
gopkg.in/check.v1 v1.0.0-20180628173108-788fd7840127/go.mod h1:Co6ibVJAznAaIkqp8huTwlJQCZ016jof/cbN4VW5Yz0=
gopkg.in/mgo.v2 v2.0.0-20180705113604-9856a29383ce h1:xcEWjVhvbDy+nHP67nPDDpbYrY+ILlfndk4bRioVHaU=
gopkg.in/mgo.v2 v2.0.0-20180705113604-9856a29383ce/go.mod h1:yeKp02qBN3iKW1OzL3MGk2IdtZzaj7SFntXj72NppTA=
gopkg.in/validator.v2 v2.0.0-20180514200540-135c24b11c19 h1:WB265cn5OpO+hK3pikC9hpP1zI/KTwmyMFKloW9eOVc=
gopkg.in/validator.v2 v2.0.0-20180514200540-135c24b11c19/go.mod h1:o4V0GXN9/CAmCsvJ0oXYZvrZOe7syiDZSN1GWGZTGzc=
gopkg.in/yaml.v2 v2.2.1/go.mod h1:hI93XBmqTisBFMUTm0b8Fm+jr3Dg1NNxqwp+5A1VGuI=
